{
  "version": "v1",
  "packages": {
    "@candulabs/eventing": {
      "signature": "0dac8aa0f16d8d3b4f4466d8a1dc7fa7"
    },
    "@candulabs/react-evergreen-styleguide": {
      "signature": "a69523d0a3d7800a57c60099169780ab"
    },
    "@candulabs/react-bootstrap-styleguide": {
      "signature": "7929f55adec1ba5107a3ccc379fe063b"
    },
    "@candulabs/react-antd-styleguide": {
      "signature": "5ab839f190b4ae51db89356a0b5bf141"
    }
  }
}